dependencies:
  espressif/cmake_utilities:
    component_hash: 351350613ceafba240b761b4ea991e0f231ac7a9f59a9ee901f751bddc0bb18f
    source:
      service_url: https://api.components.espressif.com/
      type: service
    version: 0.5.3
  espressif/led_indicator:
    component_hash: ed222aafb790670a5f73768660c3f8555d429795730a133ceef4195bdcc7cb1d
    source:
      service_url: https://api.components.espressif.com/
      type: service
    version: 0.9.1
  espressif/led_strip:
    component_hash: 67d2744208e9c12d8b1992d21c979396c1726e57cb7e35e7c171c515be20f8ea
    source:
      service_url: https://api.components.espressif.com/
      type: service
    version: 2.5.3
  idf:
    component_hash: null
    source:
      type: idf
    version: 5.1.2
manifest_hash: ff6cf63b2ea3ff8c5bc88d4b7572581b341a023bb9eba320cddf662e88bef204
target: esp32
version: 1.0.0
